
Microsoft Visual Studio Solution File, Format Version 12.00
# Visual Studio Version 17
VisualStudioVersion = 17.0.31903.59
MinimumVisualStudioVersion = 10.0.40219.1
Project("{2150E333-8FDC-42A3-9474-1A3956D46DE8}") = "src", "src", "{827E0CD3-B72D-47B6-A68D-7590B98EB39B}"
EndProject
Project("{FAE04EC0-301F-11D3-BF4B-00C04F79EFBC}") = "Zaldaryon.Pharos", "src\Zaldaryon.Pharos\Zaldaryon.Pharos.csproj", "{E61FC291-BFE8-4094-B106-B574173B45FB}"
EndProject
Project("{2150E333-8FDC-42A3-9474-1A3956D46DE8}") = "tests", "tests", "{0AB3BF05-4346-4AA6-1389-037BE0695223}"
EndProject
Project("{FAE04EC0-301F-11D3-BF4B-00C04F79EFBC}") = "Zaldaryon.Pharos.Tests", "tests\Zaldaryon.Pharos.Tests\Zaldaryon.Pharos.Tests.csproj", "{621BF70A-E3D7-4D62-8573-A84AE21B2793}"
EndProject
Project("{FAE04EC0-301F-11D3-BF4B-00C04F79EFBC}") = "Zaldaryon.Pharos.Bridge", "src\Zaldaryon.Pharos.Bridge\Zaldaryon.Pharos.Bridge.csproj", "{DD31A283-2D29-492B-B8F9-B52CA13F96BD}"
EndProject
Project("{FAE04EC0-301F-11D3-BF4B-00C04F79EFBC}") = "Zaldaryon.Pharos.XUnit", "src\Zaldaryon.Pharos.XUnit\Zaldaryon.Pharos.XUnit.csproj", "{ED6353D5-CB81-4B58-92FD-32CFD645ACE3}"
EndProject
Project("{FAE04EC0-301F-11D3-BF4B-00C04F79EFBC}") = "Zaldaryon.Pharos.AtlasCompat", "src\Zaldaryon.Pharos.AtlasCompat\Zaldaryon.Pharos.AtlasCompat.csproj", "{EEF8E63E-21C7-4A8A-99BB-D69FF60C2115}"
EndProject
Global
	GlobalSection(SolutionConfigurationPlatforms) = preSolution
		Debug|Any CPU = Debug|Any CPU
		Debug|x64 = Debug|x64
		Debug|x86 = Debug|x86
		Release|Any CPU = Release|Any CPU
		Release|x64 = Release|x64
		Release|x86 = Release|x86
	EndGlobalSection
	GlobalSection(ProjectConfigurationPlatforms) = postSolution
		{E61FC291-BFE8-4094-B106-B574173B45FB}.Debug|Any CPU.ActiveCfg = Debug|Any CPU
		{E61FC291-BFE8-4094-B106-B574173B45FB}.Debug|Any CPU.Build.0 = Debug|Any CPU
		{E61FC291-BFE8-4094-B106-B574173B45FB}.Debug|x64.ActiveCfg = Debug|Any CPU
		{E61FC291-BFE8-4094-B106-B574173B45FB}.Debug|x64.Build.0 = Debug|Any CPU
		{E61FC291-BFE8-4094-B106-B574173B45FB}.Debug|x86.ActiveCfg = Debug|Any CPU
		{E61FC291-BFE8-4094-B106-B574173B45FB}.Debug|x86.Build.0 = Debug|Any CPU
		{E61FC291-BFE8-4094-B106-B574173B45FB}.Release|Any CPU.ActiveCfg = Release|Any CPU
		{E61FC291-BFE8-4094-B106-B574173B45FB}.Release|Any CPU.Build.0 = Release|Any CPU
		{E61FC291-BFE8-4094-B106-B574173B45FB}.Release|x64.ActiveCfg = Release|Any CPU
		{E61FC291-BFE8-4094-B106-B574173B45FB}.Release|x64.Build.0 = Release|Any CPU
		{E61FC291-BFE8-4094-B106-B574173B45FB}.Release|x86.ActiveCfg = Release|Any CPU
		{E61FC291-BFE8-4094-B106-B574173B45FB}.Release|x86.Build.0 = Release|Any CPU
		{621BF70A-E3D7-4D62-8573-A84AE21B2793}.Debug|Any CPU.ActiveCfg = Debug|Any CPU
		{621BF70A-E3D7-4D62-8573-A84AE21B2793}.Debug|Any CPU.Build.0 = Debug|Any CPU
		{621BF70A-E3D7-4D62-8573-A84AE21B2793}.Debug|x64.ActiveCfg = Debug|Any CPU
		{621BF70A-E3D7-4D62-8573-A84AE21B2793}.Debug|x64.Build.0 = Debug|Any CPU
		{621BF70A-E3D7-4D62-8573-A84AE21B2793}.Debug|x86.ActiveCfg = Debug|Any CPU
		{621BF70A-E3D7-4D62-8573-A84AE21B2793}.Debug|x86.Build.0 = Debug|Any CPU
		{621BF70A-E3D7-4D62-8573-A84AE21B2793}.Release|Any CPU.ActiveCfg = Release|Any CPU
		{621BF70A-E3D7-4D62-8573-A84AE21B2793}.Release|Any CPU.Build.0 = Release|Any CPU
		{621BF70A-E3D7-4D62-8573-A84AE21B2793}.Release|x64.ActiveCfg = Release|Any CPU
		{621BF70A-E3D7-4D62-8573-A84AE21B2793}.Release|x64.Build.0 = Release|Any CPU
		{621BF70A-E3D7-4D62-8573-A84AE21B2793}.Release|x86.ActiveCfg = Release|Any CPU
		{621BF70A-E3D7-4D62-8573-A84AE21B2793}.Release|x86.Build.0 = Release|Any CPU
		{DD31A283-2D29-492B-B8F9-B52CA13F96BD}.Debug|Any CPU.ActiveCfg = Debug|Any CPU
		{DD31A283-2D29-492B-B8F9-B52CA13F96BD}.Debug|Any CPU.Build.0 = Debug|Any CPU
		{DD31A283-2D29-492B-B8F9-B52CA13F96BD}.Debug|x64.ActiveCfg = Debug|Any CPU
		{DD31A283-2D29-492B-B8F9-B52CA13F96BD}.Debug|x64.Build.0 = Debug|Any CPU
		{DD31A283-2D29-492B-B8F9-B52CA13F96BD}.Debug|x86.ActiveCfg = Debug|Any CPU
		{DD31A283-2D29-492B-B8F9-B52CA13F96BD}.Debug|x86.Build.0 = Debug|Any CPU
		{DD31A283-2D29-492B-B8F9-B52CA13F96BD}.Release|Any CPU.ActiveCfg = Release|Any CPU
		{DD31A283-2D29-492B-B8F9-B52CA13F96BD}.Release|Any CPU.Build.0 = Release|Any CPU
		{DD31A283-2D29-492B-B8F9-B52CA13F96BD}.Release|x64.ActiveCfg = Release|Any CPU
		{DD31A283-2D29-492B-B8F9-B52CA13F96BD}.Release|x64.Build.0 = Release|Any CPU
		{DD31A283-2D29-492B-B8F9-B52CA13F96BD}.Release|x86.ActiveCfg = Release|Any CPU
		{DD31A283-2D29-492B-B8F9-B52CA13F96BD}.Release|x86.Build.0 = Release|Any CPU
		{ED6353D5-CB81-4B58-92FD-32CFD645ACE3}.Debug|Any CPU.ActiveCfg = Debug|Any CPU
		{ED6353D5-CB81-4B58-92FD-32CFD645ACE3}.Debug|Any CPU.Build.0 = Debug|Any CPU
		{ED6353D5-CB81-4B58-92FD-32CFD645ACE3}.Debug|x64.ActiveCfg = Debug|Any CPU
		{ED6353D5-CB81-4B58-92FD-32CFD645ACE3}.Debug|x64.Build.0 = Debug|Any CPU
		{ED6353D5-CB81-4B58-92FD-32CFD645ACE3}.Debug|x86.ActiveCfg = Debug|Any CPU
		{ED6353D5-CB81-4B58-92FD-32CFD645ACE3}.Debug|x86.Build.0 = Debug|Any CPU
		{ED6353D5-CB81-4B58-92FD-32CFD645ACE3}.Release|Any CPU.ActiveCfg = Release|Any CPU
		{ED6353D5-CB81-4B58-92FD-32CFD645ACE3}.Release|Any CPU.Build.0 = Release|Any CPU
		{ED6353D5-CB81-4B58-92FD-32CFD645ACE3}.Release|x64.ActiveCfg = Release|Any CPU
		{ED6353D5-CB81-4B58-92FD-32CFD645ACE3}.Release|x64.Build.0 = Release|Any CPU
		{ED6353D5-CB81-4B58-92FD-32CFD645ACE3}.Release|x86.ActiveCfg = Release|Any CPU
		{ED6353D5-CB81-4B58-92FD-32CFD645ACE3}.Release|x86.Build.0 = Release|Any CPU
		{EEF8E63E-21C7-4A8A-99BB-D69FF60C2115}.Debug|Any CPU.ActiveCfg = Debug|Any CPU
		{EEF8E63E-21C7-4A8A-99BB-D69FF60C2115}.Debug|Any CPU.Build.0 = Debug|Any CPU
		{EEF8E63E-21C7-4A8A-99BB-D69FF60C2115}.Debug|x64.ActiveCfg = Debug|Any CPU
		{EEF8E63E-21C7-4A8A-99BB-D69FF60C2115}.Debug|x64.Build.0 = Debug|Any CPU
		{EEF8E63E-21C7-4A8A-99BB-D69FF60C2115}.Debug|x86.ActiveCfg = Debug|Any CPU
		{EEF8E63E-21C7-4A8A-99BB-D69FF60C2115}.Debug|x86.Build.0 = Debug|Any CPU
		{EEF8E63E-21C7-4A8A-99BB-D69FF60C2115}.Release|Any CPU.ActiveCfg = Release|Any CPU
		{EEF8E63E-21C7-4A8A-99BB-D69FF60C2115}.Release|Any CPU.Build.0 = Release|Any CPU
		{EEF8E63E-21C7-4A8A-99BB-D69FF60C2115}.Release|x64.ActiveCfg = Release|Any CPU
		{EEF8E63E-21C7-4A8A-99BB-D69FF60C2115}.Release|x64.Build.0 = Release|Any CPU
		{EEF8E63E-21C7-4A8A-99BB-D69FF60C2115}.Release|x86.ActiveCfg = Release|Any CPU
		{EEF8E63E-21C7-4A8A-99BB-D69FF60C2115}.Release|x86.Build.0 = Release|Any CPU
	EndGlobalSection
	GlobalSection(SolutionProperties) = preSolution
		HideSolutionNode = FALSE
	EndGlobalSection
	GlobalSection(NestedProjects) = preSolution
		{E61FC291-BFE8-4094-B106-B574173B45FB} = {827E0CD3-B72D-47B6-A68D-7590B98EB39B}
		{621BF70A-E3D7-4D62-8573-A84AE21B2793} = {0AB3BF05-4346-4AA6-1389-037BE0695223}
		{DD31A283-2D29-492B-B8F9-B52CA13F96BD} = {827E0CD3-B72D-47B6-A68D-7590B98EB39B}
		{ED6353D5-CB81-4B58-92FD-32CFD645ACE3} = {827E0CD3-B72D-47B6-A68D-7590B98EB39B}
		{EEF8E63E-21C7-4A8A-99BB-D69FF60C2115} = {827E0CD3-B72D-47B6-A68D-7590B98EB39B}
	EndGlobalSection
EndGlobal
